
Microsoft Visual Studio Solution File, Format Version 12.00
# Visual Studio Version 16
VisualStudioVersion = 16.0.29411.108
MinimumVisualStudioVersion = 10.0.40219.1
Project("{9A19103F-16F7-4668-BE54-9A1E7A4F7556}") = "Favalet.Core", "Favalet.Core\Favalet.Core.csproj", "{5122E28F-6D58-4FD4-B8EF-C3F81D1ED9C9}"
EndProject
Project("{9A19103F-16F7-4668-BE54-9A1E7A4F7556}") = "Favalet.Core.Tests", "Favalet.Core.Tests\Favalet.Core.Tests.csproj", "{2CD58D99-3617-4396-9E1A-EAA9D8063899}"
EndProject
Project("{FAE04EC0-301F-11D3-BF4B-00C04F79EFBC}") = "Favalet.CLR.Core", "Favalet.CLR.Core\Favalet.CLR.Core.csproj", "{98644F4B-4F53-4420-8AEA-486CE2335162}"
EndProject
Global
	GlobalSection(SolutionConfigurationPlatforms) = preSolution
		Debug|Any CPU = Debug|Any CPU
		Release|Any CPU = Release|Any CPU
	EndGlobalSection
	GlobalSection(ProjectConfigurationPlatforms) = postSolution
		{5122E28F-6D58-4FD4-B8EF-C3F81D1ED9C9}.Debug|Any CPU.ActiveCfg = Debug|Any CPU
		{5122E28F-6D58-4FD4-B8EF-C3F81D1ED9C9}.Debug|Any CPU.Build.0 = Debug|Any CPU
		{5122E28F-6D58-4FD4-B8EF-C3F81D1ED9C9}.Release|Any CPU.ActiveCfg = Release|Any CPU
		{5122E28F-6D58-4FD4-B8EF-C3F81D1ED9C9}.Release|Any CPU.Build.0 = Release|Any CPU
		{2CD58D99-3617-4396-9E1A-EAA9D8063899}.Debug|Any CPU.ActiveCfg = Debug|Any CPU
		{2CD58D99-3617-4396-9E1A-EAA9D8063899}.Debug|Any CPU.Build.0 = Debug|Any CPU
		{2CD58D99-3617-4396-9E1A-EAA9D8063899}.Release|Any CPU.ActiveCfg = Release|Any CPU
		{2CD58D99-3617-4396-9E1A-EAA9D8063899}.Release|Any CPU.Build.0 = Release|Any CPU
		{98644F4B-4F53-4420-8AEA-486CE2335162}.Debug|Any CPU.ActiveCfg = Debug|Any CPU
		{98644F4B-4F53-4420-8AEA-486CE2335162}.Debug|Any CPU.Build.0 = Debug|Any CPU
		{98644F4B-4F53-4420-8AEA-486CE2335162}.Release|Any CPU.ActiveCfg = Release|Any CPU
		{98644F4B-4F53-4420-8AEA-486CE2335162}.Release|Any CPU.Build.0 = Release|Any CPU
	EndGlobalSection
	GlobalSection(SolutionProperties) = preSolution
		HideSolutionNode = FALSE
	EndGlobalSection
	GlobalSection(ExtensibilityGlobals) = postSolution
		SolutionGuid = {30A8BB0D-D15D-4484-83CA-D3EC31D1A8A4}
	EndGlobalSection
EndGlobal
